
Microsoft Visual Studio Solution File, Format Version 12.00
# Visual Studio Version 16
VisualStudioVersion = 16.0.30320.27
MinimumVisualStudioVersion = 10.0.40219.1
Project("{FAE04EC0-301F-11D3-BF4B-00C04F79EFBC}") = "Rest API PWII", "Rest API PWII\Rest API PWII.csproj", "{7B701B7A-34AC-4037-9366-24BA7A1F0BA3}"
EndProject
Global
	GlobalSection(SolutionConfigurationPlatforms) = preSolution
		Debug|Any CPU = Debug|Any CPU
		Release|Any CPU = Release|Any CPU
	EndGlobalSection
	GlobalSection(ProjectConfigurationPlatforms) = postSolution
		{7B701B7A-34AC-4037-9366-24BA7A1F0BA3}.Debug|Any CPU.ActiveCfg = Debug|Any CPU
		{7B701B7A-34AC-4037-9366-24BA7A1F0BA3}.Debug|Any CPU.Build.0 = Debug|Any CPU
		{7B701B7A-34AC-4037-9366-24BA7A1F0BA3}.Release|Any CPU.ActiveCfg = Release|Any CPU
		{7B701B7A-34AC-4037-9366-24BA7A1F0BA3}.Release|Any CPU.Build.0 = Release|Any CPU
	EndGlobalSection
	GlobalSection(SolutionProperties) = preSolution
		HideSolutionNode = FALSE
	EndGlobalSection
	GlobalSection(ExtensibilityGlobals) = postSolution
		SolutionGuid = {27BDA2EE-8B6D-4640-9E07-DAAAB7456A2A}
	EndGlobalSection
EndGlobal
